// !$*UTF8*$!
{
	archiveVersion = 1;
	classes = {
	};
	objectVersion = 50;
	objects = {

/* Begin PBXBuildFile section */
		CF44CB4D25DB5E5C0028C179 /* CloverW WatchKit App.app in Embed Watch Content */ = {isa = PBXBuildFile; fileRef = CF44CB4C25DB5E5C0028C179 /* CloverW WatchKit App.app */; settings = {ATTRIBUTES = (RemoveHeadersOnCopy, ); }; };
		CF44CB5225DB5E5C0028C179 /* Assets.xcassets in Resources */ = {isa = PBXBuildFile; fileRef = CF44CB5125DB5E5C0028C179 /* Assets.xcassets */; };
		CF44CB5925DB5E5C0028C179 /* CloverW WatchKit Extension.appex in Embed App Extensions */ = {isa = PBXBuildFile; fileRef = CF44CB5825DB5E5C0028C179 /* CloverW WatchKit Extension.appex */; settings = {ATTRIBUTES = (RemoveHeadersOnCopy, ); }; };
		CF44CB5E25DB5E5C0028C179 /* CloverWApp.swift in Sources */ = {isa = PBXBuildFile; fileRef = CF44CB5D25DB5E5C0028C179 /* CloverWApp.swift */; };
		CF44CB6025DB5E5C0028C179 /* ContentView.swift in Sources */ = {isa = PBXBuildFile; fileRef = CF44CB5F25DB5E5C0028C179 /* ContentView.swift */; };
		CF44CB6225DB5E5C0028C179 /* NotificationController.swift in Sources */ = {isa = PBXBuildFile; fileRef = CF44CB6125DB5E5C0028C179 /* NotificationController.swift */; };
		CF44CB6425DB5E5C0028C179 /* NotificationView.swift in Sources */ = {isa = PBXBuildFile; fileRef = CF44CB6325DB5E5C0028C179 /* NotificationView.swift */; };
		CF44CB6625DB5E5C0028C179 /* ComplicationController.swift in Sources */ = {isa = PBXBuildFile; fileRef = CF44CB6525DB5E5C0028C179 /* ComplicationController.swift */; };
		CF44CB6825DB5E5C0028C179 /* Assets.xcassets in Resources */ = {isa = PBXBuildFile; fileRef = CF44CB6725DB5E5C0028C179 /* Assets.xcassets */; };
		CF44CB6B25DB5E5C0028C179 /* Preview Assets.xcassets in Resources */ = {isa = PBXBuildFile; fileRef = CF44CB6A25DB5E5C0028C179 /* Preview Assets.xcassets */; };
/* End PBXBuildFile section */

/* Begin PBXContainerItemProxy section */
		CF44CB4E25DB5E5C0028C179 /* PBXContainerItemProxy */ = {
			isa = PBXContainerItemProxy;
			containerPortal = CF44CB4225DB5E5C0028C179 /* Project object */;
			proxyType = 1;
			remoteGlobalIDString = CF44CB4B25DB5E5C0028C179;
			remoteInfo = "CloverW WatchKit App";
		};
		CF44CB5A25DB5E5C0028C179 /* PBXContainerItemProxy */ = {
			isa = PBXContainerItemProxy;
			containerPortal = CF44CB4225DB5E5C0028C179 /* Project object */;
			proxyType = 1;
			remoteGlobalIDString = CF44CB5725DB5E5C0028C179;
			remoteInfo = "CloverW WatchKit Extension";
		};
/* End PBXContainerItemProxy section */

/* Begin PBXCopyFilesBuildPhase section */
		CF44CB7325DB5E5C0028C179 /* Embed App Extensions */ = {
			isa = PBXCopyFilesBuildPhase;
			buildActionMask = 2147483647;
			dstPath = "";
			dstSubfolderSpec = 13;
			files = (
				CF44CB5925DB5E5C0028C179 /* CloverW WatchKit Extension.appex in Embed App Extensions */,
			);
			name = "Embed App Extensions";
			runOnlyForDeploymentPostprocessing = 0;
		};
		CF44CB7725DB5E5C0028C179 /* Embed Watch Content */ = {
			isa = PBXCopyFilesBuildPhase;
			buildActionMask = 2147483647;
			dstPath = "$(CONTENTS_FOLDER_PATH)/Watch";
			dstSubfolderSpec = 16;
			files = (
				CF44CB4D25DB5E5C0028C179 /* CloverW WatchKit App.app in Embed Watch Content */,
			);
			name = "Embed Watch Content";
			runOnlyForDeploymentPostprocessing = 0;
		};
/* End PBXCopyFilesBuildPhase section */

/* Begin PBXFileReference section */
		CF44CB4825DB5E5C0028C179 /* CloverW.app */ = {isa = PBXFileReference; explicitFileType = wrapper.application; includeInIndex = 0; path = CloverW.app; sourceTree = BUILT_PRODUCTS_DIR; };
		CF44CB4C25DB5E5C0028C179 /* CloverW WatchKit App.app */ = {isa = PBXFileReference; explicitFileType = wrapper.application; includeInIndex = 0; path = "CloverW WatchKit App.app"; sourceTree = BUILT_PRODUCTS_DIR; };
		CF44CB5125DB5E5C0028C179 /* Assets.xcassets */ = {isa = PBXFileReference; lastKnownFileType = folder.assetcatalog; path = Assets.xcassets; sourceTree = "<group>"; };
		CF44CB5325DB5E5C0028C179 /* Info.plist */ = {isa = PBXFileReference; lastKnownFileType = text.plist.xml; path = Info.plist; sourceTree = "<group>"; };
		CF44CB5825DB5E5C0028C179 /* CloverW WatchKit Extension.appex */ = {isa = PBXFileReference; explicitFileType = "wrapper.app-extension"; includeInIndex = 0; path = "CloverW WatchKit Extension.appex"; sourceTree = BUILT_PRODUCTS_DIR; };
		CF44CB5D25DB5E5C0028C179 /* CloverWApp.swift */ = {isa = PBXFileReference; lastKnownFileType = sourcecode.swift; path = CloverWApp.swift; sourceTree = "<group>"; };
		CF44CB5F25DB5E5C0028C179 /* ContentView.swift */ = {isa = PBXFileReference; lastKnownFileType = sourcecode.swift; path = ContentView.swift; sourceTree = "<group>"; };
		CF44CB6125DB5E5C0028C179 /* NotificationController.swift */ = {isa = PBXFileReference; lastKnownFileType = sourcecode.swift; path = NotificationController.swift; sourceTree = "<group>"; };
		CF44CB6325DB5E5C0028C179 /* NotificationView.swift */ = {isa = PBXFileReference; lastKnownFileType = sourcecode.swift; path = NotificationView.swift; sourceTree = "<group>"; };
		CF44CB6525DB5E5C0028C179 /* ComplicationController.swift */ = {isa = PBXFileReference; lastKnownFileType = sourcecode.swift; path = ComplicationController.swift; sourceTree = "<group>"; };
		CF44CB6725DB5E5C0028C179 /* Assets.xcassets */ = {isa = PBXFileReference; lastKnownFileType = folder.assetcatalog; path = Assets.xcassets; sourceTree = "<group>"; };
		CF44CB6A25DB5E5C0028C179 /* Preview Assets.xcassets */ = {isa = PBXFileReference; lastKnownFileType = folder.assetcatalog; path = "Preview Assets.xcassets"; sourceTree = "<group>"; };
		CF44CB6C25DB5E5C0028C179 /* Info.plist */ = {isa = PBXFileReference; lastKnownFileType = text.plist.xml; path = Info.plist; sourceTree = "<group>"; };
		CF44CB6D25DB5E5C0028C179 /* PushNotificationPayload.apns */ = {isa = PBXFileReference; lastKnownFileType = text; path = PushNotificationPayload.apns; sourceTree = "<group>"; };
/* End PBXFileReference section */

/* Begin PBXFrameworksBuildPhase section */
		CF44CB5525DB5E5C0028C179 /* Frameworks */ = {
			isa = PBXFrameworksBuildPhase;
			buildActionMask = 2147483647;
			files = (
			);
			runOnlyForDeploymentPostprocessing = 0;
		};
/* End PBXFrameworksBuildPhase section */

/* Begin PBXGroup section */
		CF44CB4125DB5E5C0028C179 = {
			isa = PBXGroup;
			children = (
				CF44CB5025DB5E5C0028C179 /* CloverW WatchKit App */,
				CF44CB5C25DB5E5C0028C179 /* CloverW WatchKit Extension */,
				CF44CB4925DB5E5C0028C179 /* Products */,
			);
			sourceTree = "<group>";
		};
		CF44CB4925DB5E5C0028C179 /* Products */ = {
			isa = PBXGroup;
			children = (
				CF44CB4825DB5E5C0028C179 /* CloverW.app */,
				CF44CB4C25DB5E5C0028C179 /* CloverW WatchKit App.app */,
				CF44CB5825DB5E5C0028C179 /* CloverW WatchKit Extension.appex */,
			);
			name = Products;
			sourceTree = "<group>";
		};
		CF44CB5025DB5E5C0028C179 /* CloverW WatchKit App */ = {
			isa = PBXGroup;
			children = (
				CF44CB5125DB5E5C0028C179 /* Assets.xcassets */,
				CF44CB5325DB5E5C0028C179 /* Info.plist */,
			);
			path = "CloverW WatchKit App";
			sourceTree = "<group>";
		};
		CF44CB5C25DB5E5C0028C179 /* CloverW WatchKit Extension */ = {
			isa = PBXGroup;
			children = (
				CF44CB5D25DB5E5C0028C179 /* CloverWApp.swift */,
				CF44CB5F25DB5E5C0028C179 /* ContentView.swift */,
				CF44CB6125DB5E5C0028C179 /* NotificationController.swift */,
				CF44CB6325DB5E5C0028C179 /* NotificationView.swift */,
				CF44CB6525DB5E5C0028C179 /* ComplicationController.swift */,
				CF44CB6725DB5E5C0028C179 /* Assets.xcassets */,
				CF44CB6C25DB5E5C0028C179 /* Info.plist */,
				CF44CB6D25DB5E5C0028C179 /* PushNotificationPayload.apns */,
				CF44CB6925DB5E5C0028C179 /* Preview Content */,
			);
			path = "CloverW WatchKit Extension";
			sourceTree = "<group>";
		};
		CF44CB6925DB5E5C0028C179 /* Preview Content */ = {
			isa = PBXGroup;
			children = (
				CF44CB6A25DB5E5C0028C179 /* Preview Assets.xcassets */,
			);
			path = "Preview Content";
			sourceTree = "<group>";
		};
/* End PBXGroup section */

/* Begin PBXNativeTarget section */
		CF44CB4725DB5E5C0028C179 /* CloverW */ = {
			isa = PBXNativeTarget;
			buildConfigurationList = CF44CB7825DB5E5C0028C179 /* Build configuration list for PBXNativeTarget "CloverW" */;
			buildPhases = (
				CF44CB4625DB5E5C0028C179 /* Resources */,
				CF44CB7725DB5E5C0028C179 /* Embed Watch Content */,
			);
			buildRules = (
			);
			dependencies = (
				CF44CB4F25DB5E5C0028C179 /* PBXTargetDependency */,
			);
			name = CloverW;
			productName = CloverW;
			productReference = CF44CB4825DB5E5C0028C179 /* CloverW.app */;
			productType = "com.apple.product-type.application.watchapp2-container";
		};
		CF44CB4B25DB5E5C0028C179 /* CloverW WatchKit App */ = {
			isa = PBXNativeTarget;
			buildConfigurationList = CF44CB7425DB5E5C0028C179 /* Build configuration list for PBXNativeTarget "CloverW WatchKit App" */;
			buildPhases = (
				CF44CB4A25DB5E5C0028C179 /* Resources */,
				CF44CB7325DB5E5C0028C179 /* Embed App Extensions */,
			);
			buildRules = (
			);
			dependencies = (
				CF44CB5B25DB5E5C0028C179 /* PBXTargetDependency */,
			);
			name = "CloverW WatchKit App";
			productName = "CloverW WatchKit App";
			productReference = CF44CB4C25DB5E5C0028C179 /* CloverW WatchKit App.app */;
			productType = "com.apple.product-type.application.watchapp2";
		};
		CF44CB5725DB5E5C0028C179 /* CloverW WatchKit Extension */ = {
			isa = PBXNativeTarget;
			buildConfigurationList = CF44CB7025DB5E5C0028C179 /* Build configuration list for PBXNativeTarget "CloverW WatchKit Extension" */;
			buildPhases = (
				CF44CB5425DB5E5C0028C179 /* Sources */,
				CF44CB5525DB5E5C0028C179 /* Frameworks */,
				CF44CB5625DB5E5C0028C179 /* Resources */,
			);
			buildRules = (
			);
			dependencies = (
			);
			name = "CloverW WatchKit Extension";
			productName = "CloverW WatchKit Extension";
			productReference = CF44CB5825DB5E5C0028C179 /* CloverW WatchKit Extension.appex */;
			productType = "com.apple.product-type.watchkit2-extension";
		};
/* End PBXNativeTarget section */

/* Begin PBXProject section */
		CF44CB4225DB5E5C0028C179 /* Project object */ = {
			isa = PBXProject;
			attributes = {
				LastSwiftUpdateCheck = 1240;
				LastUpgradeCheck = 1240;
				TargetAttributes = {
					CF44CB4725DB5E5C0028C179 = {
						CreatedOnToolsVersion = 12.4;
					};
					CF44CB4B25DB5E5C0028C179 = {
						CreatedOnToolsVersion = 12.4;
					};
					CF44CB5725DB5E5C0028C179 = {
						CreatedOnToolsVersion = 12.4;
					};
				};
			};
			buildConfigurationList = CF44CB4525DB5E5C0028C179 /* Build configuration list for PBXProject "CloverW" */;
			compatibilityVersion = "Xcode 9.3";
			developmentRegion = en;
			hasScannedForEncodings = 0;
			knownRegions = (
				en,
				Base,
			);
			mainGroup = CF44CB4125DB5E5C0028C179;
			productRefGroup = CF44CB4925DB5E5C0028C179 /* Products */;
			projectDirPath = "";
			projectRoot = "";
			targets = (
				CF44CB4725DB5E5C0028C179 /* CloverW */,
				CF44CB4B25DB5E5C0028C179 /* CloverW WatchKit App */,
				CF44CB5725DB5E5C0028C179 /* CloverW WatchKit Extension */,
			);
		};
/* End PBXProject section */

/* Begin PBXResourcesBuildPhase section */
		CF44CB4625DB5E5C0028C179 /* Resources */ = {
			isa = PBXResourcesBuildPhase;
			buildActionMask = 2147483647;
			files = (
			);
			runOnlyForDeploymentPostprocessing = 0;
		};
		CF44CB4A25DB5E5C0028C179 /* Resources */ = {
			isa = PBXResourcesBuildPhase;
			buildActionMask = 2147483647;
			files = (
				CF44CB5225DB5E5C0028C179 /* Assets.xcassets in Resources */,
			);
			runOnlyForDeploymentPostprocessing = 0;
		};
		CF44CB5625DB5E5C0028C179 /* Resources */ = {
			isa = PBXResourcesBuildPhase;
			buildActionMask = 2147483647;
			files = (
				CF44CB6B25DB5E5C0028C179 /* Preview Assets.xcassets in Resources */,
				CF44CB6825DB5E5C0028C179 /* Assets.xcassets in Resources */,
			);
			runOnlyForDeploymentPostprocessing = 0;
		};
/* End PBXResourcesBuildPhase section */

/* Begin PBXSourcesBuildPhase section */
		CF44CB5425DB5E5C0028C179 /* Sources */ = {
			isa = PBXSourcesBuildPhase;
			buildActionMask = 2147483647;
			files = (
				CF44CB6225DB5E5C0028C179 /* NotificationController.swift in Sources */,
				CF44CB6025DB5E5C0028C179 /* ContentView.swift in Sources */,
				CF44CB6625DB5E5C0028C179 /* ComplicationController.swift in Sources */,
				CF44CB5E25DB5E5C0028C179 /* CloverWApp.swift in Sources */,
				CF44CB6425DB5E5C0028C179 /* NotificationView.swift in Sources */,
			);
			runOnlyForDeploymentPostprocessing = 0;
		};
/* End PBXSourcesBuildPhase section */

/* Begin PBXTargetDependency section */
		CF44CB4F25DB5E5C0028C179 /* PBXTargetDependency */ = {
			isa = PBXTargetDependency;
			target = CF44CB4B25DB5E5C0028C179 /* CloverW WatchKit App */;
			targetProxy = CF44CB4E25DB5E5C0028C179 /* PBXContainerItemProxy */;
		};
		CF44CB5B25DB5E5C0028C179 /* PBXTargetDependency */ = {
			isa = PBXTargetDependency;
			target = CF44CB5725DB5E5C0028C179 /* CloverW WatchKit Extension */;
			targetProxy = CF44CB5A25DB5E5C0028C179 /* PBXContainerItemProxy */;
		};
/* End PBXTargetDependency section */

/* Begin XCBuildConfiguration section */
		CF44CB6E25DB5E5C0028C179 /* Debug */ = {
			isa = XCBuildConfiguration;
			buildSettings = {
				ALWAYS_SEARCH_USER_PATHS = NO;
				CLANG_ANALYZER_NONNULL = YES;
				CLANG_ANALYZER_NUMBER_OBJECT_CONVERSION = YES_AGGRESSIVE;
				CLANG_CXX_LANGUAGE_STANDARD = "gnu++14";
				CLANG_CXX_LIBRARY = "libc++";
				CLANG_ENABLE_MODULES = YES;
				CLANG_ENABLE_OBJC_ARC = YES;
				CLANG_ENABLE_OBJC_WEAK = YES;
				CLANG_WARN_BLOCK_CAPTURE_AUTORELEASING = YES;
				CLANG_WARN_BOOL_CONVERSION = YES;
				CLANG_WARN_COMMA = YES;
				CLANG_WARN_CONSTANT_CONVERSION = YES;
				CLANG_WARN_DEPRECATED_OBJC_IMPLEMENTATIONS = YES;
				CLANG_WARN_DIRECT_OBJC_ISA_USAGE = YES_ERROR;
				CLANG_WARN_DOCUMENTATION_COMMENTS = YES;
				CLANG_WARN_EMPTY_BODY = YES;
				CLANG_WARN_ENUM_CONVERSION = YES;
				CLANG_WARN_INFINITE_RECURSION = YES;
				CLANG_WARN_INT_CONVERSION = YES;
				CLANG_WARN_NON_LITERAL_NULL_CONVERSION = YES;
				CLANG_WARN_OBJC_IMPLICIT_RETAIN_SELF = YES;
				CLANG_WARN_OBJC_LITERAL_CONVERSION = YES;
				CLANG_WARN_OBJC_ROOT_CLASS = YES_ERROR;
				CLANG_WARN_QUOTED_INCLUDE_IN_FRAMEWORK_HEADER = YES;
				CLANG_WARN_RANGE_LOOP_ANALYSIS = YES;
				CLANG_WARN_STRICT_PROTOTYPES = YES;
				CLANG_WARN_SUSPICIOUS_MOVE = YES;
				CLANG_WARN_UNGUARDED_AVAILABILITY = YES_AGGRESSIVE;
				CLANG_WARN_UNREACHABLE_CODE = YES;
				CLANG_WARN__DUPLICATE_METHOD_MATCH = YES;
				COPY_PHASE_STRIP = NO;
				DEBUG_INFORMATION_FORMAT = dwarf;
				ENABLE_STRICT_OBJC_MSGSEND = YES;
				ENABLE_TESTABILITY = YES;
				GCC_C_LANGUAGE_STANDARD = gnu11;
				GCC_DYNAMIC_NO_PIC = NO;
				GCC_NO_COMMON_BLOCKS = YES;
				GCC_OPTIMIZATION_LEVEL = 0;
				GCC_PREPROCESSOR_DEFINITIONS = (
					"DEBUG=1",
					"$(inherited)",
				);
				GCC_WARN_64_TO_32_BIT_CONVERSION = YES;
				GCC_WARN_ABOUT_RETURN_TYPE = YES_ERROR;
				GCC_WARN_UNDECLARED_SELECTOR = YES;
				GCC_WARN_UNINITIALIZED_AUTOS = YES_AGGRESSIVE;
				GCC_WARN_UNUSED_FUNCTION = YES;
				GCC_WARN_UNUSED_VARIABLE = YES;
				MTL_ENABLE_DEBUG_INFO = INCLUDE_SOURCE;
				MTL_FAST_MATH = YES;
				ONLY_ACTIVE_ARCH = YES;
				SDKROOT = iphoneos;
				SWIFT_ACTIVE_COMPILATION_CONDITIONS = DEBUG;
				SWIFT_OPTIMIZATION_LEVEL = "-Onone";
			};
			name = Debug;
		};
		CF44CB6F25DB5E5C0028C179 /* Release */ = {
			isa = XCBuildConfiguration;
			buildSettings = {
				ALWAYS_SEARCH_USER_PATHS = NO;
				CLANG_ANALYZER_NONNULL = YES;
				CLANG_ANALYZER_NUMBER_OBJECT_CONVERSION = YES_AGGRESSIVE;
				CLANG_CXX_LANGUAGE_STANDARD = "gnu++14";
				CLANG_CXX_LIBRARY = "libc++";
				CLANG_ENABLE_MODULES = YES;
				CLANG_ENABLE_OBJC_ARC = YES;
				CLANG_ENABLE_OBJC_WEAK = YES;
				CLANG_WARN_BLOCK_CAPTURE_AUTORELEASING = YES;
				CLANG_WARN_BOOL_CONVERSION = YES;
				CLANG_WARN_COMMA = YES;
				CLANG_WARN_CONSTANT_CONVERSION = YES;
				CLANG_WARN_DEPRECATED_OBJC_IMPLEMENTATIONS = YES;
				CLANG_WARN_DIRECT_OBJC_ISA_USAGE = YES_ERROR;
				CLANG_WARN_DOCUMENTATION_COMMENTS = YES;
				CLANG_WARN_EMPTY_BODY = YES;
				CLANG_WARN_ENUM_CONVERSION = YES;
				CLANG_WARN_INFINITE_RECURSION = YES;
				CLANG_WARN_INT_CONVERSION = YES;
				CLANG_WARN_NON_LITERAL_NULL_CONVERSION = YES;
				CLANG_WARN_OBJC_IMPLICIT_RETAIN_SELF = YES;
				CLANG_WARN_OBJC_LITERAL_CONVERSION = YES;
				CLANG_WARN_OBJC_ROOT_CLASS = YES_ERROR;
				CLANG_WARN_QUOTED_INCLUDE_IN_FRAMEWORK_HEADER = YES;
				CLANG_WARN_RANGE_LOOP_ANALYSIS = YES;
				CLANG_WARN_STRICT_PROTOTYPES = YES;
				CLANG_WARN_SUSPICIOUS_MOVE = YES;
				CLANG_WARN_UNGUARDED_AVAILABILITY = YES_AGGRESSIVE;
				CLANG_WARN_UNREACHABLE_CODE = YES;
				CLANG_WARN__DUPLICATE_METHOD_MATCH = YES;
				COPY_PHASE_STRIP = NO;
				DEBUG_INFORMATION_FORMAT = "dwarf-with-dsym";
				ENABLE_NS_ASSERTIONS = NO;
				ENABLE_STRICT_OBJC_MSGSEND = YES;
				GCC_C_LANGUAGE_STANDARD = gnu11;
				GCC_NO_COMMON_BLOCKS = YES;
				GCC_WARN_64_TO_32_BIT_CONVERSION = YES;
				GCC_WARN_ABOUT_RETURN_TYPE = YES_ERROR;
				GCC_WARN_UNDECLARED_SELECTOR = YES;
				GCC_WARN_UNINITIALIZED_AUTOS = YES_AGGRESSIVE;
				GCC_WARN_UNUSED_FUNCTION = YES;
				GCC_WARN_UNUSED_VARIABLE = YES;
				MTL_ENABLE_DEBUG_INFO = NO;
				MTL_FAST_MATH = YES;
				SDKROOT = iphoneos;
				SWIFT_COMPILATION_MODE = wholemodule;
				SWIFT_OPTIMIZATION_LEVEL = "-O";
				VALIDATE_PRODUCT = YES;
			};
			name = Release;
		};
		CF44CB7125DB5E5C0028C179 /* Debug */ = {
			isa = XCBuildConfiguration;
			buildSettings = {
				ASSETCATALOG_COMPILER_COMPLICATION_NAME = Complication;
				CODE_SIGN_STYLE = Automatic;
				DEVELOPMENT_ASSET_PATHS = "\"CloverW WatchKit Extension/Preview Content\"";
				DEVELOPMENT_TEAM = DY6955CDY3;
				ENABLE_PREVIEWS = YES;
				INFOPLIST_FILE = "CloverW WatchKit Extension/Info.plist";
				LD_RUNPATH_SEARCH_PATHS = (
					"$(inherited)",
					"@executable_path/Frameworks",
					"@executable_path/../../Frameworks",
				);
				PRODUCT_BUNDLE_IDENTIFIER = takara.CloverW.watchkitapp.watchkitextension;
				PRODUCT_NAME = "${TARGET_NAME}";
				SDKROOT = watchos;
				SKIP_INSTALL = YES;
				SWIFT_VERSION = 5.0;
				TARGETED_DEVICE_FAMILY = 4;
				WATCHOS_DEPLOYMENT_TARGET = 7.2;
			};
			name = Debug;
		};
		CF44CB7225DB5E5C0028C179 /* Release */ = {
			isa = XCBuildConfiguration;
			buildSettings = {
				ASSETCATALOG_COMPILER_COMPLICATION_NAME = Complication;
				CODE_SIGN_STYLE = Automatic;
				DEVELOPMENT_ASSET_PATHS = "\"CloverW WatchKit Extension/Preview Content\"";
				DEVELOPMENT_TEAM = DY6955CDY3;
				ENABLE_PREVIEWS = YES;
				INFOPLIST_FILE = "CloverW WatchKit Extension/Info.plist";
				LD_RUNPATH_SEARCH_PATHS = (
					"$(inherited)",
					"@executable_path/Frameworks",
					"@executable_path/../../Frameworks",
				);
				PRODUCT_BUNDLE_IDENTIFIER = takara.CloverW.watchkitapp.watchkitextension;
				PRODUCT_NAME = "${TARGET_NAME}";
				SDKROOT = watchos;
				SKIP_INSTALL = YES;
				SWIFT_VERSION = 5.0;
				TARGETED_DEVICE_FAMILY = 4;
				WATCHOS_DEPLOYMENT_TARGET = 7.2;
			};
			name = Release;
		};
		CF44CB7525DB5E5C0028C179 /* Debug */ = {
			isa = XCBuildConfiguration;
			buildSettings = {
				ALWAYS_EMBED_SWIFT_STANDARD_LIBRARIES = YES;
				ASSETCATALOG_COMPILER_APPICON_NAME = AppIcon;
				ASSETCATALOG_COMPILER_GLOBAL_ACCENT_COLOR_NAME = AccentColor;
				CODE_SIGN_STYLE = Automatic;
				DEVELOPMENT_TEAM = DY6955CDY3;
				IBSC_MODULE = CloverW_WatchKit_Extension;
				INFOPLIST_FILE = "CloverW WatchKit App/Info.plist";
				PRODUCT_BUNDLE_IDENTIFIER = takara.CloverW.watchkitapp;
				PRODUCT_NAME = "$(TARGET_NAME)";
				SDKROOT = watchos;
				SKIP_INSTALL = YES;
				SWIFT_VERSION = 5.0;
				TARGETED_DEVICE_FAMILY = 4;
				WATCHOS_DEPLOYMENT_TARGET = 7.2;
			};
			name = Debug;
		};
		CF44CB7625DB5E5C0028C179 /* Release */ = {
			isa = XCBuildConfiguration;
			buildSettings = {
				ALWAYS_EMBED_SWIFT_STANDARD_LIBRARIES = YES;
				ASSETCATALOG_COMPILER_APPICON_NAME = AppIcon;
				ASSETCATALOG_COMPILER_GLOBAL_ACCENT_COLOR_NAME = AccentColor;
				CODE_SIGN_STYLE = Automatic;
				DEVELOPMENT_TEAM = DY6955CDY3;
				IBSC_MODULE = CloverW_WatchKit_Extension;
				INFOPLIST_FILE = "CloverW WatchKit App/Info.plist";
				PRODUCT_BUNDLE_IDENTIFIER = takara.CloverW.watchkitapp;
				PRODUCT_NAME = "$(TARGET_NAME)";
				SDKROOT = watchos;
				SKIP_INSTALL = YES;
				SWIFT_VERSION = 5.0;
				TARGETED_DEVICE_FAMILY = 4;
				WATCHOS_DEPLOYMENT_TARGET = 7.2;
			};
			name = Release;
		};
		CF44CB7925DB5E5C0028C179 /* Debug */ = {
			isa = XCBuildConfiguration;
			buildSettings = {
				CODE_SIGN_STYLE = Automatic;
				CURRENT_PROJECT_VERSION = 1;
				DEVELOPMENT_TEAM = DY6955CDY3;
				MARKETING_VERSION = 1.0;
				PRODUCT_BUNDLE_IDENTIFIER = takara.CloverW;
				PRODUCT_NAME = "$(TARGET_NAME)";
				SWIFT_VERSION = 5.0;
			};
			name = Debug;
		};
		CF44CB7A25DB5E5C0028C179 /* Release */ = {
			isa = XCBuildConfiguration;
			buildSettings = {
				CODE_SIGN_STYLE = Automatic;
				CURRENT_PROJECT_VERSION = 1;
				DEVELOPMENT_TEAM = DY6955CDY3;
				MARKETING_VERSION = 1.0;
				PRODUCT_BUNDLE_IDENTIFIER = takara.CloverW;
				PRODUCT_NAME = "$(TARGET_NAME)";
				SWIFT_VERSION = 5.0;
			};
			name = Release;
		};
/* End XCBuildConfiguration section */

/* Begin XCConfigurationList section */
		CF44CB4525DB5E5C0028C179 /* Build configuration list for PBXProject "CloverW" */ = {
			isa = XCConfigurationList;
			buildConfigurations = (
				CF44CB6E25DB5E5C0028C179 /* Debug */,
				CF44CB6F25DB5E5C0028C179 /* Release */,
			);
			defaultConfigurationIsVisible = 0;
			defaultConfigurationName = Release;
		};
		CF44CB7025DB5E5C0028C179 /* Build configuration list for PBXNativeTarget "CloverW WatchKit Extension" */ = {
			isa = XCConfigurationList;
			buildConfigurations = (
				CF44CB7125DB5E5C0028C179 /* Debug */,
				CF44CB7225DB5E5C0028C179 /* Release */,
			);
			defaultConfigurationIsVisible = 0;
			defaultConfigurationName = Release;
		};
		CF44CB7425DB5E5C0028C179 /* Build configuration list for PBXNativeTarget "CloverW WatchKit App" */ = {
			isa = XCConfigurationList;
			buildConfigurations = (
				CF44CB7525DB5E5C0028C179 /* Debug */,
				CF44CB7625DB5E5C0028C179 /* Release */,
			);
			defaultConfigurationIsVisible = 0;
			defaultConfigurationName = Release;
		};
		CF44CB7825DB5E5C0028C179 /* Build configuration list for PBXNativeTarget "CloverW" */ = {
			isa = XCConfigurationList;
			buildConfigurations = (
				CF44CB7925DB5E5C0028C179 /* Debug */,
				CF44CB7A25DB5E5C0028C179 /* Release */,
			);
			defaultConfigurationIsVisible = 0;
			defaultConfigurationName = Release;
		};
/* End XCConfigurationList section */
	};
	rootObject = CF44CB4225DB5E5C0028C179 /* Project object */;
}
